
Microsoft Visual Studio Solution File, Format Version 12.00
# Visual Studio Version 17
VisualStudioVersion = 17.14.36202.13 d17.14
MinimumVisualStudioVersion = 10.0.40219.1
Project("{FAE04EC0-301F-11D3-BF4B-00C04F79EFBC}") = "ProductListWithDatabase", "ProductListWithDatabase\ProductListWithDatabase.csproj", "{A69C4B23-9AB6-464E-B679-A5375246B233}"
EndProject
Global
	GlobalSection(SolutionConfigurationPlatforms) = preSolution
		Debug|Any CPU = Debug|Any CPU
		Release|Any CPU = Release|Any CPU
	EndGlobalSection
	GlobalSection(ProjectConfigurationPlatforms) = postSolution
		{A69C4B23-9AB6-464E-B679-A5375246B233}.Debug|Any CPU.ActiveCfg = Debug|Any CPU
		{A69C4B23-9AB6-464E-B679-A5375246B233}.Debug|Any CPU.Build.0 = Debug|Any CPU
		{A69C4B23-9AB6-464E-B679-A5375246B233}.Release|Any CPU.ActiveCfg = Release|Any CPU
		{A69C4B23-9AB6-464E-B679-A5375246B233}.Release|Any CPU.Build.0 = Release|Any CPU
	EndGlobalSection
	GlobalSection(SolutionProperties) = preSolution
		HideSolutionNode = FALSE
	EndGlobalSection
	GlobalSection(ExtensibilityGlobals) = postSolution
		SolutionGuid = {D1B11F2A-5C4F-48EB-AB63-9A0D87980CE6}
	EndGlobalSection
EndGlobal
